
Microsoft Visual Studio Solution File, Format Version 12.00
# Visual Studio Version 17
VisualStudioVersion = 17.7.33808.371
MinimumVisualStudioVersion = 10.0.40219.1
Project("{FAE04EC0-301F-11D3-BF4B-00C04F79EFBC}") = "WebApiPractice", "WebApiPractice\WebApiPractice.csproj", "{1E2C91D3-9CA3-4C3F-B616-8494FC09D718}"
EndProject
Global
	GlobalSection(SolutionConfigurationPlatforms) = preSolution
		Debug|Any CPU = Debug|Any CPU
		Release|Any CPU = Release|Any CPU
	EndGlobalSection
	GlobalSection(ProjectConfigurationPlatforms) = postSolution
		{1E2C91D3-9CA3-4C3F-B616-8494FC09D718}.Debug|Any CPU.ActiveCfg = Debug|Any CPU
		{1E2C91D3-9CA3-4C3F-B616-8494FC09D718}.Debug|Any CPU.Build.0 = Debug|Any CPU
		{1E2C91D3-9CA3-4C3F-B616-8494FC09D718}.Release|Any CPU.ActiveCfg = Release|Any CPU
		{1E2C91D3-9CA3-4C3F-B616-8494FC09D718}.Release|Any CPU.Build.0 = Release|Any CPU
	EndGlobalSection
	GlobalSection(SolutionProperties) = preSolution
		HideSolutionNode = FALSE
	EndGlobalSection
	GlobalSection(ExtensibilityGlobals) = postSolution
		SolutionGuid = {4F1432C3-1D59-41C8-83ED-E93D67D98569}
	EndGlobalSection
EndGlobal
